// !$*UTF8*$!
{
	archiveVersion = 1;
	classes = {
	};
	objectVersion = 56;
	objects = {

/* Begin PBXBuildFile section */
		3C56C93D2BF0BD0E000DD283 /* SettingsViewModel.swift in Sources */ = {isa = PBXBuildFile; fileRef = 3C56C93C2BF0BD0E000DD283 /* SettingsViewModel.swift */; };
		3C56C9412BF0C3F1000DD283 /* Profile.swift in Sources */ = {isa = PBXBuildFile; fileRef = 3C56C9402BF0C3F1000DD283 /* Profile.swift */; };
		3C56C9432BF0C4B8000DD283 /* Encodable+asDictionary.swift in Sources */ = {isa = PBXBuildFile; fileRef = 3C56C9422BF0C4B8000DD283 /* Encodable+asDictionary.swift */; };
		3C56C9482BF0DDE0000DD283 /* Session.swift in Sources */ = {isa = PBXBuildFile; fileRef = 3C56C9472BF0DDE0000DD283 /* Session.swift */; };
		3C56C94A2BF0E649000DD283 /* ActivityListView.swift in Sources */ = {isa = PBXBuildFile; fileRef = 3C56C9492BF0E649000DD283 /* ActivityListView.swift */; };
		3C56C94C2BF0EA7C000DD283 /* DBService.swift in Sources */ = {isa = PBXBuildFile; fileRef = 3C56C94B2BF0EA7C000DD283 /* DBService.swift */; };
		3C56C94E2BF0EAC7000DD283 /* ActivityInfoCard.swift in Sources */ = {isa = PBXBuildFile; fileRef = 3C56C94D2BF0EAC7000DD283 /* ActivityInfoCard.swift */; };
		3C56C9502BF0FC04000DD283 /* SecondaryAppButton.swift in Sources */ = {isa = PBXBuildFile; fileRef = 3C56C94F2BF0FC04000DD283 /* SecondaryAppButton.swift */; };
		3C56C9522BF0FDC3000DD283 /* AddActivityView.swift in Sources */ = {isa = PBXBuildFile; fileRef = 3C56C9512BF0FDC3000DD283 /* AddActivityView.swift */; };
		3C56C9562BF106E8000DD283 /* StatsView.swift in Sources */ = {isa = PBXBuildFile; fileRef = 3C56C9552BF106E8000DD283 /* StatsView.swift */; };
		3C56C9582BF106F0000DD283 /* HistoryView.swift in Sources */ = {isa = PBXBuildFile; fileRef = 3C56C9572BF106EF000DD283 /* HistoryView.swift */; };
		3C56C95B2BF11317000DD283 /* AddActivityViewModel.swift in Sources */ = {isa = PBXBuildFile; fileRef = 3C56C95A2BF11317000DD283 /* AddActivityViewModel.swift */; };
		3C56C9662BF131C2000DD283 /* CustomNumberField.swift in Sources */ = {isa = PBXBuildFile; fileRef = 3C56C9652BF131C2000DD283 /* CustomNumberField.swift */; };
		3C56C9682BF14488000DD283 /* DaysPicker.swift in Sources */ = {isa = PBXBuildFile; fileRef = 3C56C9672BF14488000DD283 /* DaysPicker.swift */; };
		3C7DE3352BED159A0026923F /* SettingsView.swift in Sources */ = {isa = PBXBuildFile; fileRef = 3C7DE3342BED159A0026923F /* SettingsView.swift */; };
		3C7DE33E2BEE6CAE0026923F /* AuthTextField.swift in Sources */ = {isa = PBXBuildFile; fileRef = 3C7DE33D2BEE6CAE0026923F /* AuthTextField.swift */; };
		3C7DE3402BEE88E10026923F /* EmailSignInView.swift in Sources */ = {isa = PBXBuildFile; fileRef = 3C7DE33F2BEE88E10026923F /* EmailSignInView.swift */; };
		3C7DE3482BEE9BE00026923F /* AppButton.swift in Sources */ = {isa = PBXBuildFile; fileRef = 3C7DE3472BEE9BE00026923F /* AppButton.swift */; };
		3C7DE34B2BEEA6440026923F /* AuthService.swift in Sources */ = {isa = PBXBuildFile; fileRef = 3C7DE34A2BEEA6440026923F /* AuthService.swift */; };
		3C7DE34D2BEEA9530026923F /* EmailSignInViewModel.swift in Sources */ = {isa = PBXBuildFile; fileRef = 3C7DE34C2BEEA9530026923F /* EmailSignInViewModel.swift */; };
		3C7DE3522BEEAE190026923F /* Validator.swift in Sources */ = {isa = PBXBuildFile; fileRef = 3C7DE3512BEEAE190026923F /* Validator.swift */; };
		3C7DE3612BEEC86D0026923F /* AuthView.swift in Sources */ = {isa = PBXBuildFile; fileRef = 3C7DE3602BEEC86D0026923F /* AuthView.swift */; };
		3C7DE36B2BEF60F70026923F /* CustomTextField.swift in Sources */ = {isa = PBXBuildFile; fileRef = 3C7DE36A2BEF60F70026923F /* CustomTextField.swift */; };
		3C7DE36E2BEF873F0026923F /* AuthViewModel.swift in Sources */ = {isa = PBXBuildFile; fileRef = 3C7DE36D2BEF873F0026923F /* AuthViewModel.swift */; };
		3C7DE3732BEF8C4C0026923F /* View+Styles.swift in Sources */ = {isa = PBXBuildFile; fileRef = 3C7DE3722BEF8C4C0026923F /* View+Styles.swift */; };
		3C7DE3762BEFA1020026923F /* ActivityView.swift in Sources */ = {isa = PBXBuildFile; fileRef = 3C7DE3752BEFA1020026923F /* ActivityView.swift */; };
		3C7DE3782BEFA7C50026923F /* CircularProgressView.swift in Sources */ = {isa = PBXBuildFile; fileRef = 3C7DE3772BEFA7C50026923F /* CircularProgressView.swift */; };
		3C7DE37A2BEFCDF50026923F /* ActivityViewModel.swift in Sources */ = {isa = PBXBuildFile; fileRef = 3C7DE3792BEFCDF50026923F /* ActivityViewModel.swift */; };
		3C7DE37C2BEFDC640026923F /* FormattedTimeText.swift in Sources */ = {isa = PBXBuildFile; fileRef = 3C7DE37B2BEFDC640026923F /* FormattedTimeText.swift */; };
		3C7DE37F2BEFDE4F0026923F /* ActivitySelector.swift in Sources */ = {isa = PBXBuildFile; fileRef = 3C7DE37E2BEFDE4F0026923F /* ActivitySelector.swift */; };
		3C7DE3812BF0A9120026923F /* TimeInterval+toHours.swift in Sources */ = {isa = PBXBuildFile; fileRef = 3C7DE3802BF0A9120026923F /* TimeInterval+toHours.swift */; };
		3C7DE3862BF0AAF70026923F /* Activity.swift in Sources */ = {isa = PBXBuildFile; fileRef = 3C7DE3852BF0AAF70026923F /* Activity.swift */; };
		3C7DE3882BF0AD1C0026923F /* Color+Hex.swift in Sources */ = {isa = PBXBuildFile; fileRef = 3C7DE3872BF0AD1B0026923F /* Color+Hex.swift */; };
		3C7DE38C2BF0B2EB0026923F /* GoalType.swift in Sources */ = {isa = PBXBuildFile; fileRef = 3C7DE38B2BF0B2EB0026923F /* GoalType.swift */; };
		3CD588E02BE7E2BF0073F8DD /* LifeTimeApp.swift in Sources */ = {isa = PBXBuildFile; fileRef = 3CD588DF2BE7E2BF0073F8DD /* LifeTimeApp.swift */; };
		3CD588E22BE7E2BF0073F8DD /* ContentView.swift in Sources */ = {isa = PBXBuildFile; fileRef = 3CD588E12BE7E2BF0073F8DD /* ContentView.swift */; };
		3CD588E42BE7E2C10073F8DD /* Assets.xcassets in Resources */ = {isa = PBXBuildFile; fileRef = 3CD588E32BE7E2C10073F8DD /* Assets.xcassets */; };
		3CD588E72BE7E2C10073F8DD /* Preview Assets.xcassets in Resources */ = {isa = PBXBuildFile; fileRef = 3CD588E62BE7E2C10073F8DD /* Preview Assets.xcassets */; };
		3CD588EE2BE7E48A0073F8DD /* GoogleService-Info.plist in Resources */ = {isa = PBXBuildFile; fileRef = 3CD588ED2BE7E48A0073F8DD /* GoogleService-Info.plist */; };
		3CD588F12BE7E4CA0073F8DD /* FirebaseAuth in Frameworks */ = {isa = PBXBuildFile; productRef = 3CD588F02BE7E4CA0073F8DD /* FirebaseAuth */; };
		3CD588F32BE7E4CA0073F8DD /* FirebaseFirestore in Frameworks */ = {isa = PBXBuildFile; productRef = 3CD588F22BE7E4CA0073F8DD /* FirebaseFirestore */; };
		3CD588F52BE7E4CA0073F8DD /* FirebaseFirestoreSwift in Frameworks */ = {isa = PBXBuildFile; productRef = 3CD588F42BE7E4CA0073F8DD /* FirebaseFirestoreSwift */; };
/* End PBXBuildFile section */

/* Begin PBXFileReference section */
		3C56C93C2BF0BD0E000DD283 /* SettingsViewModel.swift */ = {isa = PBXFileReference; lastKnownFileType = sourcecode.swift; path = SettingsViewModel.swift; sourceTree = "<group>"; };
		3C56C9402BF0C3F1000DD283 /* Profile.swift */ = {isa = PBXFileReference; lastKnownFileType = sourcecode.swift; path = Profile.swift; sourceTree = "<group>"; };
		3C56C9422BF0C4B8000DD283 /* Encodable+asDictionary.swift */ = {isa = PBXFileReference; lastKnownFileType = sourcecode.swift; path = "Encodable+asDictionary.swift"; sourceTree = "<group>"; };
		3C56C9472BF0DDE0000DD283 /* Session.swift */ = {isa = PBXFileReference; lastKnownFileType = sourcecode.swift; path = Session.swift; sourceTree = "<group>"; };
		3C56C9492BF0E649000DD283 /* ActivityListView.swift */ = {isa = PBXFileReference; lastKnownFileType = sourcecode.swift; path = ActivityListView.swift; sourceTree = "<group>"; };
		3C56C94B2BF0EA7C000DD283 /* DBService.swift */ = {isa = PBXFileReference; lastKnownFileType = sourcecode.swift; path = DBService.swift; sourceTree = "<group>"; };
		3C56C94D2BF0EAC7000DD283 /* ActivityInfoCard.swift */ = {isa = PBXFileReference; lastKnownFileType = sourcecode.swift; path = ActivityInfoCard.swift; sourceTree = "<group>"; };
		3C56C94F2BF0FC04000DD283 /* SecondaryAppButton.swift */ = {isa = PBXFileReference; lastKnownFileType = sourcecode.swift; path = SecondaryAppButton.swift; sourceTree = "<group>"; };
		3C56C9512BF0FDC3000DD283 /* AddActivityView.swift */ = {isa = PBXFileReference; lastKnownFileType = sourcecode.swift; path = AddActivityView.swift; sourceTree = "<group>"; };
		3C56C9552BF106E8000DD283 /* StatsView.swift */ = {isa = PBXFileReference; lastKnownFileType = sourcecode.swift; path = StatsView.swift; sourceTree = "<group>"; };
		3C56C9572BF106EF000DD283 /* HistoryView.swift */ = {isa = PBXFileReference; lastKnownFileType = sourcecode.swift; path = HistoryView.swift; sourceTree = "<group>"; };
		3C56C95A2BF11317000DD283 /* AddActivityViewModel.swift */ = {isa = PBXFileReference; lastKnownFileType = sourcecode.swift; path = AddActivityViewModel.swift; sourceTree = "<group>"; };
		3C56C9652BF131C2000DD283 /* CustomNumberField.swift */ = {isa = PBXFileReference; lastKnownFileType = sourcecode.swift; path = CustomNumberField.swift; sourceTree = "<group>"; };
		3C56C9672BF14488000DD283 /* DaysPicker.swift */ = {isa = PBXFileReference; lastKnownFileType = sourcecode.swift; path = DaysPicker.swift; sourceTree = "<group>"; };
		3C7DE3342BED159A0026923F /* SettingsView.swift */ = {isa = PBXFileReference; lastKnownFileType = sourcecode.swift; path = SettingsView.swift; sourceTree = "<group>"; };
		3C7DE33D2BEE6CAE0026923F /* AuthTextField.swift */ = {isa = PBXFileReference; lastKnownFileType = sourcecode.swift; path = AuthTextField.swift; sourceTree = "<group>"; };
		3C7DE33F2BEE88E10026923F /* EmailSignInView.swift */ = {isa = PBXFileReference; lastKnownFileType = sourcecode.swift; path = EmailSignInView.swift; sourceTree = "<group>"; };
		3C7DE3472BEE9BE00026923F /* AppButton.swift */ = {isa = PBXFileReference; lastKnownFileType = sourcecode.swift; path = AppButton.swift; sourceTree = "<group>"; };
		3C7DE34A2BEEA6440026923F /* AuthService.swift */ = {isa = PBXFileReference; lastKnownFileType = sourcecode.swift; path = AuthService.swift; sourceTree = "<group>"; };
		3C7DE34C2BEEA9530026923F /* EmailSignInViewModel.swift */ = {isa = PBXFileReference; lastKnownFileType = sourcecode.swift; path = EmailSignInViewModel.swift; sourceTree = "<group>"; };
		3C7DE3512BEEAE190026923F /* Validator.swift */ = {isa = PBXFileReference; lastKnownFileType = sourcecode.swift; path = Validator.swift; sourceTree = "<group>"; };
		3C7DE3602BEEC86D0026923F /* AuthView.swift */ = {isa = PBXFileReference; lastKnownFileType = sourcecode.swift; path = AuthView.swift; sourceTree = "<group>"; };
		3C7DE36A2BEF60F70026923F /* CustomTextField.swift */ = {isa = PBXFileReference; lastKnownFileType = sourcecode.swift; path = CustomTextField.swift; sourceTree = "<group>"; };
		3C7DE36C2BEF73F90026923F /* LifeTime.entitlements */ = {isa = PBXFileReference; lastKnownFileType = text.plist.entitlements; path = LifeTime.entitlements; sourceTree = "<group>"; };
		3C7DE36D2BEF873F0026923F /* AuthViewModel.swift */ = {isa = PBXFileReference; lastKnownFileType = sourcecode.swift; path = AuthViewModel.swift; sourceTree = "<group>"; };
		3C7DE3722BEF8C4C0026923F /* View+Styles.swift */ = {isa = PBXFileReference; lastKnownFileType = sourcecode.swift; path = "View+Styles.swift"; sourceTree = "<group>"; };
		3C7DE3752BEFA1020026923F /* ActivityView.swift */ = {isa = PBXFileReference; lastKnownFileType = sourcecode.swift; path = ActivityView.swift; sourceTree = "<group>"; };
		3C7DE3772BEFA7C50026923F /* CircularProgressView.swift */ = {isa = PBXFileReference; lastKnownFileType = sourcecode.swift; path = CircularProgressView.swift; sourceTree = "<group>"; };
		3C7DE3792BEFCDF50026923F /* ActivityViewModel.swift */ = {isa = PBXFileReference; lastKnownFileType = sourcecode.swift; path = ActivityViewModel.swift; sourceTree = "<group>"; };
		3C7DE37B2BEFDC640026923F /* FormattedTimeText.swift */ = {isa = PBXFileReference; lastKnownFileType = sourcecode.swift; path = FormattedTimeText.swift; sourceTree = "<group>"; };
		3C7DE37E2BEFDE4F0026923F /* ActivitySelector.swift */ = {isa = PBXFileReference; lastKnownFileType = sourcecode.swift; path = ActivitySelector.swift; sourceTree = "<group>"; };
		3C7DE3802BF0A9120026923F /* TimeInterval+toHours.swift */ = {isa = PBXFileReference; lastKnownFileType = sourcecode.swift; path = "TimeInterval+toHours.swift"; sourceTree = "<group>"; };
		3C7DE3852BF0AAF70026923F /* Activity.swift */ = {isa = PBXFileReference; lastKnownFileType = sourcecode.swift; path = Activity.swift; sourceTree = "<group>"; };
		3C7DE3872BF0AD1B0026923F /* Color+Hex.swift */ = {isa = PBXFileReference; lastKnownFileType = sourcecode.swift; path = "Color+Hex.swift"; sourceTree = "<group>"; };
		3C7DE38B2BF0B2EB0026923F /* GoalType.swift */ = {isa = PBXFileReference; lastKnownFileType = sourcecode.swift; path = GoalType.swift; sourceTree = "<group>"; };
		3CD588DC2BE7E2BF0073F8DD /* LifeTime.app */ = {isa = PBXFileReference; explicitFileType = wrapper.application; includeInIndex = 0; path = LifeTime.app; sourceTree = BUILT_PRODUCTS_DIR; };
		3CD588DF2BE7E2BF0073F8DD /* LifeTimeApp.swift */ = {isa = PBXFileReference; lastKnownFileType = sourcecode.swift; path = LifeTimeApp.swift; sourceTree = "<group>"; };
		3CD588E12BE7E2BF0073F8DD /* ContentView.swift */ = {isa = PBXFileReference; lastKnownFileType = sourcecode.swift; path = ContentView.swift; sourceTree = "<group>"; };
		3CD588E32BE7E2C10073F8DD /* Assets.xcassets */ = {isa = PBXFileReference; lastKnownFileType = folder.assetcatalog; path = Assets.xcassets; sourceTree = "<group>"; };
		3CD588E62BE7E2C10073F8DD /* Preview Assets.xcassets */ = {isa = PBXFileReference; lastKnownFileType = folder.assetcatalog; path = "Preview Assets.xcassets"; sourceTree = "<group>"; };
		3CD588ED2BE7E48A0073F8DD /* GoogleService-Info.plist */ = {isa = PBXFileReference; fileEncoding = 4; lastKnownFileType = text.plist.xml; path = "GoogleService-Info.plist"; sourceTree = "<group>"; };
/* End PBXFileReference section */

/* Begin PBXFrameworksBuildPhase section */
		3CD588D92BE7E2BF0073F8DD /* Frameworks */ = {
			isa = PBXFrameworksBuildPhase;
			buildActionMask = 2147483647;
			files = (
				3CD588F12BE7E4CA0073F8DD /* FirebaseAuth in Frameworks */,
				3CD588F32BE7E4CA0073F8DD /* FirebaseFirestore in Frameworks */,
				3CD588F52BE7E4CA0073F8DD /* FirebaseFirestoreSwift in Frameworks */,
			);
			runOnlyForDeploymentPostprocessing = 0;
		};
/* End PBXFrameworksBuildPhase section */

/* Begin PBXGroup section */
		3C56C9442BF0C4D1000DD283 /* Utilities */ = {
			isa = PBXGroup;
			children = (
				3C7DE3512BEEAE190026923F /* Validator.swift */,
			);
			path = Utilities;
			sourceTree = "<group>";
		};
		3C56C9452BF0C4DD000DD283 /* Extensions */ = {
			isa = PBXGroup;
			children = (
				3C7DE3722BEF8C4C0026923F /* View+Styles.swift */,
				3C7DE3802BF0A9120026923F /* TimeInterval+toHours.swift */,
				3C7DE3872BF0AD1B0026923F /* Color+Hex.swift */,
				3C56C9422BF0C4B8000DD283 /* Encodable+asDictionary.swift */,
			);
			path = Extensions;
			sourceTree = "<group>";
		};
		3C56C9462BF0CA5F000DD283 /* Components */ = {
			isa = PBXGroup;
			children = (
				3C7DE33D2BEE6CAE0026923F /* AuthTextField.swift */,
			);
			path = Components;
			sourceTree = "<group>";
		};
		3C56C9532BF106AC000DD283 /* Stats */ = {
			isa = PBXGroup;
			children = (
				3C56C9552BF106E8000DD283 /* StatsView.swift */,
			);
			path = Stats;
			sourceTree = "<group>";
		};
		3C56C9542BF106B7000DD283 /* History */ = {
			isa = PBXGroup;
			children = (
				3C56C9572BF106EF000DD283 /* HistoryView.swift */,
			);
			path = History;
			sourceTree = "<group>";
		};
		3C56C9592BF109F6000DD283 /* AddActivity */ = {
			isa = PBXGroup;
			children = (
				3C56C9512BF0FDC3000DD283 /* AddActivityView.swift */,
				3C56C95A2BF11317000DD283 /* AddActivityViewModel.swift */,
			);
			path = AddActivity;
			sourceTree = "<group>";
		};
		3C56C95C2BF116C1000DD283 /* ActivityList */ = {
			isa = PBXGroup;
			children = (
				3C56C9492BF0E649000DD283 /* ActivityListView.swift */,
			);
			path = ActivityList;
			sourceTree = "<group>";
		};
		3C7DE32E2BEBFA470026923F /* Views */ = {
			isa = PBXGroup;
			children = (
				3CD588E12BE7E2BF0073F8DD /* ContentView.swift */,
				3C7DE3742BEFA0F10026923F /* Activity */,
				3C56C9532BF106AC000DD283 /* Stats */,
				3C56C9542BF106B7000DD283 /* History */,
				3C7DE35F2BEEC8020026923F /* Settings */,
				3C7DE3332BED15330026923F /* Auth */,
				3C7DE3412BEE8C910026923F /* Components */,
			);
			path = Views;
			sourceTree = "<group>";
		};
		3C7DE3332BED15330026923F /* Auth */ = {
			isa = PBXGroup;
			children = (
				3C7DE3602BEEC86D0026923F /* AuthView.swift */,
				3C7DE36D2BEF873F0026923F /* AuthViewModel.swift */,
				3C7DE34F2BEEAB7C0026923F /* EmailSignIn */,
				3C56C9462BF0CA5F000DD283 /* Components */,
			);
			path = Auth;
			sourceTree = "<group>";
		};
		3C7DE3412BEE8C910026923F /* Components */ = {
			isa = PBXGroup;
			children = (
				3C7DE3472BEE9BE00026923F /* AppButton.swift */,
				3C56C94F2BF0FC04000DD283 /* SecondaryAppButton.swift */,
				3C7DE36A2BEF60F70026923F /* CustomTextField.swift */,
				3C56C9652BF131C2000DD283 /* CustomNumberField.swift */,
			);
			path = Components;
			sourceTree = "<group>";
		};
		3C7DE3492BEEA5F70026923F /* Service */ = {
			isa = PBXGroup;
			children = (
				3C7DE34A2BEEA6440026923F /* AuthService.swift */,
				3C56C94B2BF0EA7C000DD283 /* DBService.swift */,
			);
			path = Service;
			sourceTree = "<group>";
		};
		3C7DE34F2BEEAB7C0026923F /* EmailSignIn */ = {
			isa = PBXGroup;
			children = (
				3C7DE33F2BEE88E10026923F /* EmailSignInView.swift */,
				3C7DE34C2BEEA9530026923F /* EmailSignInViewModel.swift */,
			);
			path = EmailSignIn;
			sourceTree = "<group>";
		};
		3C7DE3502BEEAE050026923F /* Helpers */ = {
			isa = PBXGroup;
			children = (
				3C56C9452BF0C4DD000DD283 /* Extensions */,
				3C56C9442BF0C4D1000DD283 /* Utilities */,
			);
			path = Helpers;
			sourceTree = "<group>";
		};
		3C7DE35F2BEEC8020026923F /* Settings */ = {
			isa = PBXGroup;
			children = (
				3C7DE3342BED159A0026923F /* SettingsView.swift */,
				3C56C93C2BF0BD0E000DD283 /* SettingsViewModel.swift */,
			);
			path = Settings;
			sourceTree = "<group>";
		};
		3C7DE3742BEFA0F10026923F /* Activity */ = {
			isa = PBXGroup;
			children = (
				3C7DE3752BEFA1020026923F /* ActivityView.swift */,
				3C7DE3792BEFCDF50026923F /* ActivityViewModel.swift */,
				3C56C95C2BF116C1000DD283 /* ActivityList */,
				3C56C9592BF109F6000DD283 /* AddActivity */,
				3C7DE37D2BEFDE330026923F /* Components */,
			);
			path = Activity;
			sourceTree = "<group>";
		};
		3C7DE37D2BEFDE330026923F /* Components */ = {
			isa = PBXGroup;
			children = (
				3C7DE37E2BEFDE4F0026923F /* ActivitySelector.swift */,
				3C56C94D2BF0EAC7000DD283 /* ActivityInfoCard.swift */,
				3C7DE3772BEFA7C50026923F /* CircularProgressView.swift */,
				3C7DE37B2BEFDC640026923F /* FormattedTimeText.swift */,
				3C56C9672BF14488000DD283 /* DaysPicker.swift */,
			);
			path = Components;
			sourceTree = "<group>";
		};
		3C7DE3842BF0AAEC0026923F /* Model */ = {
			isa = PBXGroup;
			children = (
				3C7DE3852BF0AAF70026923F /* Activity.swift */,
				3C7DE38B2BF0B2EB0026923F /* GoalType.swift */,
				3C56C9402BF0C3F1000DD283 /* Profile.swift */,
				3C56C9472BF0DDE0000DD283 /* Session.swift */,
			);
			path = Model;
			sourceTree = "<group>";
		};
		3CD588D32BE7E2BF0073F8DD = {
			isa = PBXGroup;
			children = (
				3CD588DE2BE7E2BF0073F8DD /* LifeTime */,
				3CD588DD2BE7E2BF0073F8DD /* Products */,
			);
			sourceTree = "<group>";
		};
		3CD588DD2BE7E2BF0073F8DD /* Products */ = {
			isa = PBXGroup;
			children = (
				3CD588DC2BE7E2BF0073F8DD /* LifeTime.app */,
			);
			name = Products;
			sourceTree = "<group>";
		};
		3CD588DE2BE7E2BF0073F8DD /* LifeTime */ = {
			isa = PBXGroup;
			children = (
				3C7DE36C2BEF73F90026923F /* LifeTime.entitlements */,
				3CD588DF2BE7E2BF0073F8DD /* LifeTimeApp.swift */,
				3C7DE3842BF0AAEC0026923F /* Model */,
				3C7DE32E2BEBFA470026923F /* Views */,
				3C7DE3492BEEA5F70026923F /* Service */,
				3C7DE3502BEEAE050026923F /* Helpers */,
				3CD588ED2BE7E48A0073F8DD /* GoogleService-Info.plist */,
				3CD588E32BE7E2C10073F8DD /* Assets.xcassets */,
				3CD588E52BE7E2C10073F8DD /* Preview Content */,
			);
			path = LifeTime;
			sourceTree = "<group>";
		};
		3CD588E52BE7E2C10073F8DD /* Preview Content */ = {
			isa = PBXGroup;
			children = (
				3CD588E62BE7E2C10073F8DD /* Preview Assets.xcassets */,
			);
			path = "Preview Content";
			sourceTree = "<group>";
		};
/* End PBXGroup section */

/* Begin PBXNativeTarget section */
		3CD588DB2BE7E2BF0073F8DD /* LifeTime */ = {
			isa = PBXNativeTarget;
			buildConfigurationList = 3CD588EA2BE7E2C10073F8DD /* Build configuration list for PBXNativeTarget "LifeTime" */;
			buildPhases = (
				3CD588D82BE7E2BF0073F8DD /* Sources */,
				3CD588D92BE7E2BF0073F8DD /* Frameworks */,
				3CD588DA2BE7E2BF0073F8DD /* Resources */,
			);
			buildRules = (
			);
			dependencies = (
			);
			name = LifeTime;
			packageProductDependencies = (
				3CD588F02BE7E4CA0073F8DD /* FirebaseAuth */,
				3CD588F22BE7E4CA0073F8DD /* FirebaseFirestore */,
				3CD588F42BE7E4CA0073F8DD /* FirebaseFirestoreSwift */,
			);
			productName = LifeTime;
			productReference = 3CD588DC2BE7E2BF0073F8DD /* LifeTime.app */;
			productType = "com.apple.product-type.application";
		};
/* End PBXNativeTarget section */

/* Begin PBXProject section */
		3CD588D42BE7E2BF0073F8DD /* Project object */ = {
			isa = PBXProject;
			attributes = {
				BuildIndependentTargetsInParallel = 1;
				LastSwiftUpdateCheck = 1520;
				LastUpgradeCheck = 1520;
				TargetAttributes = {
					3CD588DB2BE7E2BF0073F8DD = {
						CreatedOnToolsVersion = 15.2;
					};
				};
			};
			buildConfigurationList = 3CD588D72BE7E2BF0073F8DD /* Build configuration list for PBXProject "LifeTime" */;
			compatibilityVersion = "Xcode 14.0";
			developmentRegion = en;
			hasScannedForEncodings = 0;
			knownRegions = (
				en,
				Base,
			);
			mainGroup = 3CD588D32BE7E2BF0073F8DD;
			packageReferences = (
				3CD588EF2BE7E4CA0073F8DD /* XCRemoteSwiftPackageReference "firebase-ios-sdk" */,
			);
			productRefGroup = 3CD588DD2BE7E2BF0073F8DD /* Products */;
			projectDirPath = "";
			projectRoot = "";
			targets = (
				3CD588DB2BE7E2BF0073F8DD /* LifeTime */,
			);
		};
/* End PBXProject section */

/* Begin PBXResourcesBuildPhase section */
		3CD588DA2BE7E2BF0073F8DD /* Resources */ = {
			isa = PBXResourcesBuildPhase;
			buildActionMask = 2147483647;
			files = (
				3CD588E72BE7E2C10073F8DD /* Preview Assets.xcassets in Resources */,
				3CD588E42BE7E2C10073F8DD /* Assets.xcassets in Resources */,
				3CD588EE2BE7E48A0073F8DD /* GoogleService-Info.plist in Resources */,
			);
			runOnlyForDeploymentPostprocessing = 0;
		};
/* End PBXResourcesBuildPhase section */

/* Begin PBXSourcesBuildPhase section */
		3CD588D82BE7E2BF0073F8DD /* Sources */ = {
			isa = PBXSourcesBuildPhase;
			buildActionMask = 2147483647;
			files = (
				3C7DE33E2BEE6CAE0026923F /* AuthTextField.swift in Sources */,
				3C56C93D2BF0BD0E000DD283 /* SettingsViewModel.swift in Sources */,
				3C7DE3732BEF8C4C0026923F /* View+Styles.swift in Sources */,
				3C7DE36B2BEF60F70026923F /* CustomTextField.swift in Sources */,
				3C56C9502BF0FC04000DD283 /* SecondaryAppButton.swift in Sources */,
				3C7DE3522BEEAE190026923F /* Validator.swift in Sources */,
				3C7DE34D2BEEA9530026923F /* EmailSignInViewModel.swift in Sources */,
				3C56C94A2BF0E649000DD283 /* ActivityListView.swift in Sources */,
				3C7DE34B2BEEA6440026923F /* AuthService.swift in Sources */,
				3C7DE3352BED159A0026923F /* SettingsView.swift in Sources */,
				3C7DE3402BEE88E10026923F /* EmailSignInView.swift in Sources */,
				3C56C94E2BF0EAC7000DD283 /* ActivityInfoCard.swift in Sources */,
				3C7DE38C2BF0B2EB0026923F /* GoalType.swift in Sources */,
				3CD588E22BE7E2BF0073F8DD /* ContentView.swift in Sources */,
				3C7DE36E2BEF873F0026923F /* AuthViewModel.swift in Sources */,
				3C7DE3862BF0AAF70026923F /* Activity.swift in Sources */,
				3C56C9582BF106F0000DD283 /* HistoryView.swift in Sources */,
				3C7DE37C2BEFDC640026923F /* FormattedTimeText.swift in Sources */,
				3C56C9522BF0FDC3000DD283 /* AddActivityView.swift in Sources */,
				3C7DE37F2BEFDE4F0026923F /* ActivitySelector.swift in Sources */,
				3CD588E02BE7E2BF0073F8DD /* LifeTimeApp.swift in Sources */,
				3C56C9662BF131C2000DD283 /* CustomNumberField.swift in Sources */,
				3C56C9562BF106E8000DD283 /* StatsView.swift in Sources */,
				3C56C94C2BF0EA7C000DD283 /* DBService.swift in Sources */,
				3C56C9412BF0C3F1000DD283 /* Profile.swift in Sources */,
				3C56C9482BF0DDE0000DD283 /* Session.swift in Sources */,
				3C7DE3882BF0AD1C0026923F /* Color+Hex.swift in Sources */,
				3C7DE37A2BEFCDF50026923F /* ActivityViewModel.swift in Sources */,
				3C7DE3762BEFA1020026923F /* ActivityView.swift in Sources */,
				3C56C9432BF0C4B8000DD283 /* Encodable+asDictionary.swift in Sources */,
				3C7DE3612BEEC86D0026923F /* AuthView.swift in Sources */,
				3C7DE3782BEFA7C50026923F /* CircularProgressView.swift in Sources */,
				3C56C95B2BF11317000DD283 /* AddActivityViewModel.swift in Sources */,
				3C7DE3482BEE9BE00026923F /* AppButton.swift in Sources */,
				3C56C9682BF14488000DD283 /* DaysPicker.swift in Sources */,
				3C7DE3812BF0A9120026923F /* TimeInterval+toHours.swift in Sources */,
			);
			runOnlyForDeploymentPostprocessing = 0;
		};
/* End PBXSourcesBuildPhase section */

/* Begin XCBuildConfiguration section */
		3CD588E82BE7E2C10073F8DD /* Debug */ = {
			isa = XCBuildConfiguration;
			buildSettings = {
				ALWAYS_SEARCH_USER_PATHS = NO;
				ASSETCATALOG_COMPILER_GENERATE_SWIFT_ASSET_SYMBOL_EXTENSIONS = YES;
				CLANG_ANALYZER_NONNULL = YES;
				CLANG_ANALYZER_NUMBER_OBJECT_CONVERSION = YES_AGGRESSIVE;
				CLANG_CXX_LANGUAGE_STANDARD = "gnu++20";
				CLANG_ENABLE_MODULES = YES;
				CLANG_ENABLE_OBJC_ARC = YES;
				CLANG_ENABLE_OBJC_WEAK = YES;
				CLANG_WARN_BLOCK_CAPTURE_AUTORELEASING = YES;
				CLANG_WARN_BOOL_CONVERSION = YES;
				CLANG_WARN_COMMA = YES;
				CLANG_WARN_CONSTANT_CONVERSION = YES;
				CLANG_WARN_DEPRECATED_OBJC_IMPLEMENTATIONS = YES;
				CLANG_WARN_DIRECT_OBJC_ISA_USAGE = YES_ERROR;
				CLANG_WARN_DOCUMENTATION_COMMENTS = YES;
				CLANG_WARN_EMPTY_BODY = YES;
				CLANG_WARN_ENUM_CONVERSION = YES;
				CLANG_WARN_INFINITE_RECURSION = YES;
				CLANG_WARN_INT_CONVERSION = YES;
				CLANG_WARN_NON_LITERAL_NULL_CONVERSION = YES;
				CLANG_WARN_OBJC_IMPLICIT_RETAIN_SELF = YES;
				CLANG_WARN_OBJC_LITERAL_CONVERSION = YES;
				CLANG_WARN_OBJC_ROOT_CLASS = YES_ERROR;
				CLANG_WARN_QUOTED_INCLUDE_IN_FRAMEWORK_HEADER = YES;
				CLANG_WARN_RANGE_LOOP_ANALYSIS = YES;
				CLANG_WARN_STRICT_PROTOTYPES = YES;
				CLANG_WARN_SUSPICIOUS_MOVE = YES;
				CLANG_WARN_UNGUARDED_AVAILABILITY = YES_AGGRESSIVE;
				CLANG_WARN_UNREACHABLE_CODE = YES;
				CLANG_WARN__DUPLICATE_METHOD_MATCH = YES;
				COPY_PHASE_STRIP = NO;
				DEBUG_INFORMATION_FORMAT = dwarf;
				ENABLE_STRICT_OBJC_MSGSEND = YES;
				ENABLE_TESTABILITY = YES;
				ENABLE_USER_SCRIPT_SANDBOXING = YES;
				GCC_C_LANGUAGE_STANDARD = gnu17;
				GCC_DYNAMIC_NO_PIC = NO;
				GCC_NO_COMMON_BLOCKS = YES;
				GCC_OPTIMIZATION_LEVEL = 0;
				GCC_PREPROCESSOR_DEFINITIONS = (
					"DEBUG=1",
					"$(inherited)",
				);
				GCC_WARN_64_TO_32_BIT_CONVERSION = YES;
				GCC_WARN_ABOUT_RETURN_TYPE = YES_ERROR;
				GCC_WARN_UNDECLARED_SELECTOR = YES;
				GCC_WARN_UNINITIALIZED_AUTOS = YES_AGGRESSIVE;
				GCC_WARN_UNUSED_FUNCTION = YES;
				GCC_WARN_UNUSED_VARIABLE = YES;
				IPHONEOS_DEPLOYMENT_TARGET = 17.2;
				LOCALIZATION_PREFERS_STRING_CATALOGS = YES;
				MTL_ENABLE_DEBUG_INFO = INCLUDE_SOURCE;
				MTL_FAST_MATH = YES;
				ONLY_ACTIVE_ARCH = YES;
				SDKROOT = iphoneos;
				SWIFT_ACTIVE_COMPILATION_CONDITIONS = "DEBUG $(inherited)";
				SWIFT_OPTIMIZATION_LEVEL = "-Onone";
			};
			name = Debug;
		};
		3CD588E92BE7E2C10073F8DD /* Release */ = {
			isa = XCBuildConfiguration;
			buildSettings = {
				ALWAYS_SEARCH_USER_PATHS = NO;
				ASSETCATALOG_COMPILER_GENERATE_SWIFT_ASSET_SYMBOL_EXTENSIONS = YES;
				CLANG_ANALYZER_NONNULL = YES;
				CLANG_ANALYZER_NUMBER_OBJECT_CONVERSION = YES_AGGRESSIVE;
				CLANG_CXX_LANGUAGE_STANDARD = "gnu++20";
				CLANG_ENABLE_MODULES = YES;
				CLANG_ENABLE_OBJC_ARC = YES;
				CLANG_ENABLE_OBJC_WEAK = YES;
				CLANG_WARN_BLOCK_CAPTURE_AUTORELEASING = YES;
				CLANG_WARN_BOOL_CONVERSION = YES;
				CLANG_WARN_COMMA = YES;
				CLANG_WARN_CONSTANT_CONVERSION = YES;
				CLANG_WARN_DEPRECATED_OBJC_IMPLEMENTATIONS = YES;
				CLANG_WARN_DIRECT_OBJC_ISA_USAGE = YES_ERROR;
				CLANG_WARN_DOCUMENTATION_COMMENTS = YES;
				CLANG_WARN_EMPTY_BODY = YES;
				CLANG_WARN_ENUM_CONVERSION = YES;
				CLANG_WARN_INFINITE_RECURSION = YES;
				CLANG_WARN_INT_CONVERSION = YES;
				CLANG_WARN_NON_LITERAL_NULL_CONVERSION = YES;
				CLANG_WARN_OBJC_IMPLICIT_RETAIN_SELF = YES;
				CLANG_WARN_OBJC_LITERAL_CONVERSION = YES;
				CLANG_WARN_OBJC_ROOT_CLASS = YES_ERROR;
				CLANG_WARN_QUOTED_INCLUDE_IN_FRAMEWORK_HEADER = YES;
				CLANG_WARN_RANGE_LOOP_ANALYSIS = YES;
				CLANG_WARN_STRICT_PROTOTYPES = YES;
				CLANG_WARN_SUSPICIOUS_MOVE = YES;
				CLANG_WARN_UNGUARDED_AVAILABILITY = YES_AGGRESSIVE;
				CLANG_WARN_UNREACHABLE_CODE = YES;
				CLANG_WARN__DUPLICATE_METHOD_MATCH = YES;
				COPY_PHASE_STRIP = NO;
				DEBUG_INFORMATION_FORMAT = "dwarf-with-dsym";
				ENABLE_NS_ASSERTIONS = NO;
				ENABLE_STRICT_OBJC_MSGSEND = YES;
				ENABLE_USER_SCRIPT_SANDBOXING = YES;
				GCC_C_LANGUAGE_STANDARD = gnu17;
				GCC_NO_COMMON_BLOCKS = YES;
				GCC_WARN_64_TO_32_BIT_CONVERSION = YES;
				GCC_WARN_ABOUT_RETURN_TYPE = YES_ERROR;
				GCC_WARN_UNDECLARED_SELECTOR = YES;
				GCC_WARN_UNINITIALIZED_AUTOS = YES_AGGRESSIVE;
				GCC_WARN_UNUSED_FUNCTION = YES;
				GCC_WARN_UNUSED_VARIABLE = YES;
				IPHONEOS_DEPLOYMENT_TARGET = 17.2;
				LOCALIZATION_PREFERS_STRING_CATALOGS = YES;
				MTL_ENABLE_DEBUG_INFO = NO;
				MTL_FAST_MATH = YES;
				SDKROOT = iphoneos;
				SWIFT_COMPILATION_MODE = wholemodule;
				VALIDATE_PRODUCT = YES;
			};
			name = Release;
		};
		3CD588EB2BE7E2C10073F8DD /* Debug */ = {
			isa = XCBuildConfiguration;
			buildSettings = {
				ASSETCATALOG_COMPILER_APPICON_NAME = AppIcon;
				ASSETCATALOG_COMPILER_GLOBAL_ACCENT_COLOR_NAME = AccentColor;
				CODE_SIGN_ENTITLEMENTS = LifeTime/LifeTime.entitlements;
				CODE_SIGN_STYLE = Automatic;
				CURRENT_PROJECT_VERSION = 1;
				DEVELOPMENT_ASSET_PATHS = "\"LifeTime/Preview Content\"";
				DEVELOPMENT_TEAM = 4766WZNPKP;
				ENABLE_PREVIEWS = YES;
				GENERATE_INFOPLIST_FILE = YES;
				INFOPLIST_KEY_CFBundleDisplayName = LifeTime;
				INFOPLIST_KEY_LSApplicationCategoryType = "public.app-category.productivity";
				INFOPLIST_KEY_UIApplicationSceneManifest_Generation = YES;
				INFOPLIST_KEY_UIApplicationSupportsIndirectInputEvents = YES;
				INFOPLIST_KEY_UILaunchScreen_Generation = YES;
				INFOPLIST_KEY_UISupportedInterfaceOrientations_iPad = "UIInterfaceOrientationPortrait UIInterfaceOrientationPortraitUpsideDown UIInterfaceOrientationLandscapeLeft UIInterfaceOrientationLandscapeRight";
				INFOPLIST_KEY_UISupportedInterfaceOrientations_iPhone = "UIInterfaceOrientationPortrait UIInterfaceOrientationLandscapeLeft UIInterfaceOrientationLandscapeRight";
				IPHONEOS_DEPLOYMENT_TARGET = 17.0;
				LD_RUNPATH_SEARCH_PATHS = (
					"$(inherited)",
					"@executable_path/Frameworks",
				);
				MARKETING_VERSION = 1.0;
				PRODUCT_BUNDLE_IDENTIFIER = com.danilmasnaviev.LifeTime;
				PRODUCT_NAME = "$(TARGET_NAME)";
				SWIFT_EMIT_LOC_STRINGS = YES;
				SWIFT_VERSION = 5.0;
				TARGETED_DEVICE_FAMILY = "1,2";
			};
			name = Debug;
		};
		3CD588EC2BE7E2C10073F8DD /* Release */ = {
			isa = XCBuildConfiguration;
			buildSettings = {
				ASSETCATALOG_COMPILER_APPICON_NAME = AppIcon;
				ASSETCATALOG_COMPILER_GLOBAL_ACCENT_COLOR_NAME = AccentColor;
				CODE_SIGN_ENTITLEMENTS = LifeTime/LifeTime.entitlements;
				CODE_SIGN_STYLE = Automatic;
				CURRENT_PROJECT_VERSION = 1;
				DEVELOPMENT_ASSET_PATHS = "\"LifeTime/Preview Content\"";
				DEVELOPMENT_TEAM = 4766WZNPKP;
				ENABLE_PREVIEWS = YES;
				GENERATE_INFOPLIST_FILE = YES;
				INFOPLIST_KEY_CFBundleDisplayName = LifeTime;
				INFOPLIST_KEY_LSApplicationCategoryType = "public.app-category.productivity";
				INFOPLIST_KEY_UIApplicationSceneManifest_Generation = YES;
				INFOPLIST_KEY_UIApplicationSupportsIndirectInputEvents = YES;
				INFOPLIST_KEY_UILaunchScreen_Generation = YES;
				INFOPLIST_KEY_UISupportedInterfaceOrientations_iPad = "UIInterfaceOrientationPortrait UIInterfaceOrientationPortraitUpsideDown UIInterfaceOrientationLandscapeLeft UIInterfaceOrientationLandscapeRight";
				INFOPLIST_KEY_UISupportedInterfaceOrientations_iPhone = "UIInterfaceOrientationPortrait UIInterfaceOrientationLandscapeLeft UIInterfaceOrientationLandscapeRight";
				IPHONEOS_DEPLOYMENT_TARGET = 17.0;
				LD_RUNPATH_SEARCH_PATHS = (
					"$(inherited)",
					"@executable_path/Frameworks",
				);
				MARKETING_VERSION = 1.0;
				PRODUCT_BUNDLE_IDENTIFIER = com.danilmasnaviev.LifeTime;
				PRODUCT_NAME = "$(TARGET_NAME)";
				SWIFT_EMIT_LOC_STRINGS = YES;
				SWIFT_VERSION = 5.0;
				TARGETED_DEVICE_FAMILY = "1,2";
			};
			name = Release;
		};
/* End XCBuildConfiguration section */

/* Begin XCConfigurationList section */
		3CD588D72BE7E2BF0073F8DD /* Build configuration list for PBXProject "LifeTime" */ = {
			isa = XCConfigurationList;
			buildConfigurations = (
				3CD588E82BE7E2C10073F8DD /* Debug */,
				3CD588E92BE7E2C10073F8DD /* Release */,
			);
			defaultConfigurationIsVisible = 0;
			defaultConfigurationName = Release;
		};
		3CD588EA2BE7E2C10073F8DD /* Build configuration list for PBXNativeTarget "LifeTime" */ = {
			isa = XCConfigurationList;
			buildConfigurations = (
				3CD588EB2BE7E2C10073F8DD /* Debug */,
				3CD588EC2BE7E2C10073F8DD /* Release */,
			);
			defaultConfigurationIsVisible = 0;
			defaultConfigurationName = Release;
		};
/* End XCConfigurationList section */

/* Begin XCRemoteSwiftPackageReference section */
		3CD588EF2BE7E4CA0073F8DD /* XCRemoteSwiftPackageReference "firebase-ios-sdk" */ = {
			isa = XCRemoteSwiftPackageReference;
			repositoryURL = "https://github.com/firebase/firebase-ios-sdk";
			requirement = {
				kind = upToNextMajorVersion;
				minimumVersion = 10.25.0;
			};
		};
/* End XCRemoteSwiftPackageReference section */

/* Begin XCSwiftPackageProductDependency section */
		3CD588F02BE7E4CA0073F8DD /* FirebaseAuth */ = {
			isa = XCSwiftPackageProductDependency;
			package = 3CD588EF2BE7E4CA0073F8DD /* XCRemoteSwiftPackageReference "firebase-ios-sdk" */;
			productName = FirebaseAuth;
		};
		3CD588F22BE7E4CA0073F8DD /* FirebaseFirestore */ = {
			isa = XCSwiftPackageProductDependency;
			package = 3CD588EF2BE7E4CA0073F8DD /* XCRemoteSwiftPackageReference "firebase-ios-sdk" */;
			productName = FirebaseFirestore;
		};
		3CD588F42BE7E4CA0073F8DD /* FirebaseFirestoreSwift */ = {
			isa = XCSwiftPackageProductDependency;
			package = 3CD588EF2BE7E4CA0073F8DD /* XCRemoteSwiftPackageReference "firebase-ios-sdk" */;
			productName = FirebaseFirestoreSwift;
		};
/* End XCSwiftPackageProductDependency section */
	};
	rootObject = 3CD588D42BE7E2BF0073F8DD /* Project object */;
}
